
Microsoft Visual Studio Solution File, Format Version 12.00
# Visual Studio 15
VisualStudioVersion = 15.0.28307.438
MinimumVisualStudioVersion = 10.0.40219.1
Project("{9A19103F-16F7-4668-BE54-9A1E7A4F7556}") = "TravelExpenseChallenge", "TravelExpenseChallenge\TravelExpenseChallenge.csproj", "{BC478681-33E8-4CD4-8385-077EF26F6673}"
EndProject
Project("{9A19103F-16F7-4668-BE54-9A1E7A4F7556}") = "TravelExpenseMail", "TravelExpenseMail\TravelExpenseMail.csproj", "{4198199E-8265-4E8F-8EC6-AA18B1315930}"
EndProject
Global
	GlobalSection(SolutionConfigurationPlatforms) = preSolution
		Debug|Any CPU = Debug|Any CPU
		Release|Any CPU = Release|Any CPU
	EndGlobalSection
	GlobalSection(ProjectConfigurationPlatforms) = postSolution
		{BC478681-33E8-4CD4-8385-077EF26F6673}.Debug|Any CPU.ActiveCfg = Debug|Any CPU
		{BC478681-33E8-4CD4-8385-077EF26F6673}.Debug|Any CPU.Build.0 = Debug|Any CPU
		{BC478681-33E8-4CD4-8385-077EF26F6673}.Release|Any CPU.ActiveCfg = Release|Any CPU
		{BC478681-33E8-4CD4-8385-077EF26F6673}.Release|Any CPU.Build.0 = Release|Any CPU
		{4198199E-8265-4E8F-8EC6-AA18B1315930}.Debug|Any CPU.ActiveCfg = Debug|Any CPU
		{4198199E-8265-4E8F-8EC6-AA18B1315930}.Debug|Any CPU.Build.0 = Debug|Any CPU
		{4198199E-8265-4E8F-8EC6-AA18B1315930}.Release|Any CPU.ActiveCfg = Release|Any CPU
		{4198199E-8265-4E8F-8EC6-AA18B1315930}.Release|Any CPU.Build.0 = Release|Any CPU
	EndGlobalSection
	GlobalSection(SolutionProperties) = preSolution
		HideSolutionNode = FALSE
	EndGlobalSection
	GlobalSection(ExtensibilityGlobals) = postSolution
		SolutionGuid = {E28E7186-81F6-405A-AD39-A5E63FB405C4}
	EndGlobalSection
EndGlobal
